# THIS IS AN AUTOGENERATED FILE. DO NOT EDIT THIS FILE DIRECTLY.
# yarn lockfile v1


compute-pcorr@^1.0.0:
  version "1.0.0"
  resolved "https://registry.nlark.com/compute-pcorr/download/compute-pcorr-1.0.0.tgz#3375d636984716b61bba48260a4acdb726bd8031"
  integrity sha1-M3XWNphHFrYbukgmCkrNtya9gDE=

"jquery@>=1.5.0 <4.0":
  version "3.6.0"
  resolved "https://registry.npm.taobao.org/jquery/download/jquery-3.6.0.tgz#c72a09f15c1bdce142f49dbf1170bdf8adac2470"
  integrity sha1-xyoJ8Vwb3OFC9J2/EXC9+K2sJHA=

timeago@^1.6.7:
  version "1.6.7"
  resolved "https://registry.nlark.com/timeago/download/timeago-1.6.7.tgz#afd467c29a911e697fc22a81888c7c3022783cb5"
  integrity sha1-r9RnwpqRHml/wiqBiIx8MCJ4PLU=
  dependencies:
    jquery ">=1.5.0 <4.0"

wxmp-rsa@^1.1.1:
  version "1.1.1"
  resolved "https://registry.nlark.com/wxmp-rsa/download/wxmp-rsa-1.1.1.tgz#b708fcd7aa171e38655df88be02065bb7fed70dc"
  integrity sha1-twj816oXHjhlXfiL4CBlu3/tcNw=
